
Microsoft Visual Studio Solution File, Format Version 12.00
# Visual Studio Version 16
VisualStudioVersion = 16.0.32228.343
MinimumVisualStudioVersion = 10.0.40219.1
Project("{FAE04EC0-301F-11D3-BF4B-00C04F79EFBC}") = "Laba5View", "Laba5View\Laba5View.csproj", "{F62EEA65-94F0-4E8B-859C-E90A1ED68B7B}"
EndProject
Project("{FAE04EC0-301F-11D3-BF4B-00C04F79EFBC}") = "BusinessLogicsContracts", "BusinessLogicsContracts\BusinessLogicsContracts.csproj", "{FB4F0B3A-D087-40DD-8339-D37AB798A015}"
EndProject
Project("{FAE04EC0-301F-11D3-BF4B-00C04F79EFBC}") = "BusinessLogic", "BusinessLogic\BusinessLogic.csproj", "{7A3369D7-9308-43F7-BDCB-C2FF3599F6FB}"
EndProject
Global
	GlobalSection(SolutionConfigurationPlatforms) = preSolution
		Debug|Any CPU = Debug|Any CPU
		Release|Any CPU = Release|Any CPU
	EndGlobalSection
	GlobalSection(ProjectConfigurationPlatforms) = postSolution
		{F62EEA65-94F0-4E8B-859C-E90A1ED68B7B}.Debug|Any CPU.ActiveCfg = Debug|Any CPU
		{F62EEA65-94F0-4E8B-859C-E90A1ED68B7B}.Debug|Any CPU.Build.0 = Debug|Any CPU
		{F62EEA65-94F0-4E8B-859C-E90A1ED68B7B}.Release|Any CPU.ActiveCfg = Release|Any CPU
		{F62EEA65-94F0-4E8B-859C-E90A1ED68B7B}.Release|Any CPU.Build.0 = Release|Any CPU
		{FB4F0B3A-D087-40DD-8339-D37AB798A015}.Debug|Any CPU.ActiveCfg = Debug|Any CPU
		{FB4F0B3A-D087-40DD-8339-D37AB798A015}.Debug|Any CPU.Build.0 = Debug|Any CPU
		{FB4F0B3A-D087-40DD-8339-D37AB798A015}.Release|Any CPU.ActiveCfg = Release|Any CPU
		{FB4F0B3A-D087-40DD-8339-D37AB798A015}.Release|Any CPU.Build.0 = Release|Any CPU
		{7A3369D7-9308-43F7-BDCB-C2FF3599F6FB}.Debug|Any CPU.ActiveCfg = Debug|Any CPU
		{7A3369D7-9308-43F7-BDCB-C2FF3599F6FB}.Debug|Any CPU.Build.0 = Debug|Any CPU
		{7A3369D7-9308-43F7-BDCB-C2FF3599F6FB}.Release|Any CPU.ActiveCfg = Release|Any CPU
		{7A3369D7-9308-43F7-BDCB-C2FF3599F6FB}.Release|Any CPU.Build.0 = Release|Any CPU
	EndGlobalSection
	GlobalSection(SolutionProperties) = preSolution
		HideSolutionNode = FALSE
	EndGlobalSection
	GlobalSection(ExtensibilityGlobals) = postSolution
		SolutionGuid = {01F95AA4-5412-4518-9C73-918E1199C22F}
	EndGlobalSection
EndGlobal
